
Microsoft Visual Studio Solution File, Format Version 10.00
# Visual Studio 2008
Project("{8BC9CEB8-8B4A-11D0-8D11-00A0C91BC942}") = "T14LAB2D", "T14LAB2D.vcproj", "{090D61B6-0DA7-4D32-9531-34E863273E2F}"
EndProject
Global
	GlobalSection(SolutionConfigurationPlatforms) = preSolution
		Debug|Win32 = Debug|Win32
		Release|Win32 = Release|Win32
	EndGlobalSection
	GlobalSection(ProjectConfigurationPlatforms) = postSolution
		{090D61B6-0DA7-4D32-9531-34E863273E2F}.Debug|Win32.ActiveCfg = Debug|Win32
		{090D61B6-0DA7-4D32-9531-34E863273E2F}.Debug|Win32.Build.0 = Debug|Win32
		{090D61B6-0DA7-4D32-9531-34E863273E2F}.Release|Win32.ActiveCfg = Release|Win32
		{090D61B6-0DA7-4D32-9531-34E863273E2F}.Release|Win32.Build.0 = Release|Win32
	EndGlobalSection
	GlobalSection(SolutionProperties) = preSolution
		HideSolutionNode = FALSE
	EndGlobalSection
EndGlobal
